// !$*UTF8*$!
{
	archiveVersion = 1;
	classes = {
	};
	objectVersion = 50;
	objects = {

/* Begin PBXBuildFile section */
		3013F7062264E5F900DA1836 /* DumpScope.c in Sources */ = {isa = PBXBuildFile; fileRef = 3013F7052264E5F900DA1836 /* DumpScope.c */; };
		3023475F226620EE00D8FD9E /* ReturnTC.c in Sources */ = {isa = PBXBuildFile; fileRef = 3023475E226620EE00D8FD9E /* ReturnTC.c */; };
		3038183A2249C37C000A768B /* Scope.c in Sources */ = {isa = PBXBuildFile; fileRef = 303818392249C37C000A768B /* Scope.c */; };
		3038183E2249C402000A768B /* Hashtable.c in Sources */ = {isa = PBXBuildFile; fileRef = 3038183D2249C402000A768B /* Hashtable.c */; };
		303B9099224691E8008B3BEF /* DumpAST.c in Sources */ = {isa = PBXBuildFile; fileRef = 303B9098224691E8008B3BEF /* DumpAST.c */; };
		304DE37D2265E83B00034834 /* GraphNode.c in Sources */ = {isa = PBXBuildFile; fileRef = 304DE37C2265E83B00034834 /* GraphNode.c */; };
		30798C6A2260DF700059614D /* BinOpTC.c in Sources */ = {isa = PBXBuildFile; fileRef = 30798C692260DF700059614D /* BinOpTC.c */; };
		30798C6C2260DF7D0059614D /* OpAssignTC.c in Sources */ = {isa = PBXBuildFile; fileRef = 30798C6B2260DF7C0059614D /* OpAssignTC.c */; };
		307A504E22617BA800C415FA /* AssignTC.c in Sources */ = {isa = PBXBuildFile; fileRef = 307A504D22617BA800C415FA /* AssignTC.c */; };
		30A6C56C224C775400096B6D /* SA.c in Sources */ = {isa = PBXBuildFile; fileRef = 30A6C56B224C775400096B6D /* SA.c */; };
		30AB0CE4223D3B2800DC2A35 /* main.c in Sources */ = {isa = PBXBuildFile; fileRef = 30AB0CE3223D3B2800DC2A35 /* main.c */; };
		30AB0CEC223D3B5500DC2A35 /* Lexer.c in Sources */ = {isa = PBXBuildFile; fileRef = 30AB0CEB223D3B5500DC2A35 /* Lexer.c */; };
		30BBA9882243DF8A00508A4D /* Constructor.c in Sources */ = {isa = PBXBuildFile; fileRef = 30BBA9872243DF8A00508A4D /* Constructor.c */; };
		30EBAC1E223FEE5E00A2D96E /* Parser.c in Sources */ = {isa = PBXBuildFile; fileRef = 30EBAC1D223FEE5E00A2D96E /* Parser.c */; };
/* End PBXBuildFile section */

/* Begin PBXCopyFilesBuildPhase section */
		30AB0CDE223D3B2800DC2A35 /* CopyFiles */ = {
			isa = PBXCopyFilesBuildPhase;
			buildActionMask = 2147483647;
			dstPath = /usr/share/man/man1/;
			dstSubfolderSpec = 0;
			files = (
			);
			runOnlyForDeploymentPostprocessing = 1;
		};
/* End PBXCopyFilesBuildPhase section */

/* Begin PBXFileReference section */
		3013F7042264E5EF00DA1836 /* scopedumper.h */ = {isa = PBXFileReference; lastKnownFileType = sourcecode.c.h; path = scopedumper.h; sourceTree = "<group>"; };
		3013F7052264E5F900DA1836 /* DumpScope.c */ = {isa = PBXFileReference; lastKnownFileType = sourcecode.c.c; path = DumpScope.c; sourceTree = "<group>"; };
		3023475E226620EE00D8FD9E /* ReturnTC.c */ = {isa = PBXFileReference; lastKnownFileType = sourcecode.c.c; path = ReturnTC.c; sourceTree = "<group>"; };
		30234760226620F800D8FD9E /* returntc.h */ = {isa = PBXFileReference; lastKnownFileType = sourcecode.c.h; path = returntc.h; sourceTree = "<group>"; };
		303818392249C37C000A768B /* Scope.c */ = {isa = PBXFileReference; lastKnownFileType = sourcecode.c.c; path = Scope.c; sourceTree = "<group>"; };
		3038183B2249C385000A768B /* scope.h */ = {isa = PBXFileReference; lastKnownFileType = sourcecode.c.h; path = scope.h; sourceTree = "<group>"; };
		3038183C2249C3F3000A768B /* hashtable.h */ = {isa = PBXFileReference; lastKnownFileType = sourcecode.c.h; path = hashtable.h; sourceTree = "<group>"; };
		3038183D2249C402000A768B /* Hashtable.c */ = {isa = PBXFileReference; lastKnownFileType = sourcecode.c.c; path = Hashtable.c; sourceTree = "<group>"; };
		303B9098224691E8008B3BEF /* DumpAST.c */ = {isa = PBXFileReference; lastKnownFileType = sourcecode.c.c; path = DumpAST.c; sourceTree = "<group>"; };
		303B909A224691F1008B3BEF /* ASTdumper.h */ = {isa = PBXFileReference; lastKnownFileType = sourcecode.c.h; path = ASTdumper.h; sourceTree = "<group>"; };
		304DE37C2265E83B00034834 /* GraphNode.c */ = {isa = PBXFileReference; lastKnownFileType = sourcecode.c.c; path = GraphNode.c; sourceTree = "<group>"; };
		304DE37E2265E84800034834 /* graphnode.h */ = {isa = PBXFileReference; lastKnownFileType = sourcecode.c.h; path = graphnode.h; sourceTree = "<group>"; };
		30798C692260DF700059614D /* BinOpTC.c */ = {isa = PBXFileReference; lastKnownFileType = sourcecode.c.c; path = BinOpTC.c; sourceTree = "<group>"; };
		30798C6B2260DF7C0059614D /* OpAssignTC.c */ = {isa = PBXFileReference; lastKnownFileType = sourcecode.c.c; path = OpAssignTC.c; sourceTree = "<group>"; };
		30798C6D2260DF880059614D /* binoptc.h */ = {isa = PBXFileReference; lastKnownFileType = sourcecode.c.h; path = binoptc.h; sourceTree = "<group>"; };
		30798C6E2260DF950059614D /* opassigntc.h */ = {isa = PBXFileReference; lastKnownFileType = sourcecode.c.h; path = opassigntc.h; sourceTree = "<group>"; };
		307A504D22617BA800C415FA /* AssignTC.c */ = {isa = PBXFileReference; lastKnownFileType = sourcecode.c.c; path = AssignTC.c; sourceTree = "<group>"; };
		307A504F22617BB200C415FA /* assigntc.h */ = {isa = PBXFileReference; lastKnownFileType = sourcecode.c.h; path = assigntc.h; sourceTree = "<group>"; };
		30A6C56B224C775400096B6D /* SA.c */ = {isa = PBXFileReference; lastKnownFileType = sourcecode.c.c; path = SA.c; sourceTree = "<group>"; };
		30A6C56D224C776500096B6D /* semantics.h */ = {isa = PBXFileReference; lastKnownFileType = sourcecode.c.h; path = semantics.h; sourceTree = "<group>"; };
		30AB0CE0223D3B2800DC2A35 /* Melon */ = {isa = PBXFileReference; explicitFileType = "compiled.mach-o.executable"; includeInIndex = 0; path = Melon; sourceTree = BUILT_PRODUCTS_DIR; };
		30AB0CE3223D3B2800DC2A35 /* main.c */ = {isa = PBXFileReference; lastKnownFileType = sourcecode.c.c; path = main.c; sourceTree = "<group>"; };
		30AB0CEB223D3B5500DC2A35 /* Lexer.c */ = {isa = PBXFileReference; lastKnownFileType = sourcecode.c.c; path = Lexer.c; sourceTree = "<group>"; };
		30AB0CED223D3B6000DC2A35 /* lexer.h */ = {isa = PBXFileReference; lastKnownFileType = sourcecode.c.h; path = lexer.h; sourceTree = "<group>"; };
		30AB0CEE223D3FF300DC2A35 /* tokenkind.h */ = {isa = PBXFileReference; lastKnownFileType = sourcecode.c.h; path = tokenkind.h; sourceTree = "<group>"; };
		30BBA9872243DF8A00508A4D /* Constructor.c */ = {isa = PBXFileReference; lastKnownFileType = sourcecode.c.c; path = Constructor.c; sourceTree = "<group>"; };
		30BBA9892243DF9500508A4D /* constructor.h */ = {isa = PBXFileReference; lastKnownFileType = sourcecode.c.h; path = constructor.h; sourceTree = "<group>"; };
		30CD2E72223E876C0088BD7F /* token.h */ = {isa = PBXFileReference; lastKnownFileType = sourcecode.c.h; path = token.h; sourceTree = "<group>"; };
		30EBAC1C223FEE4800A2D96E /* node.h */ = {isa = PBXFileReference; lastKnownFileType = sourcecode.c.h; path = node.h; sourceTree = "<group>"; };
		30EBAC1D223FEE5E00A2D96E /* Parser.c */ = {isa = PBXFileReference; lastKnownFileType = sourcecode.c.c; path = Parser.c; sourceTree = "<group>"; };
		30EBAC1F223FEE6700A2D96E /* parser.h */ = {isa = PBXFileReference; lastKnownFileType = sourcecode.c.h; path = parser.h; sourceTree = "<group>"; };
/* End PBXFileReference section */

/* Begin PBXFrameworksBuildPhase section */
		30AB0CDD223D3B2800DC2A35 /* Frameworks */ = {
			isa = PBXFrameworksBuildPhase;
			buildActionMask = 2147483647;
			files = (
			);
			runOnlyForDeploymentPostprocessing = 0;
		};
/* End PBXFrameworksBuildPhase section */

/* Begin PBXGroup section */
		303B9097224691D6008B3BEF /* Dumper */ = {
			isa = PBXGroup;
			children = (
				303B909A224691F1008B3BEF /* ASTdumper.h */,
				303B9098224691E8008B3BEF /* DumpAST.c */,
				3013F7042264E5EF00DA1836 /* scopedumper.h */,
				3013F7052264E5F900DA1836 /* DumpScope.c */,
			);
			path = Dumper;
			sourceTree = "<group>";
		};
		309DCF50224B1024009C012D /* SymbolTable */ = {
			isa = PBXGroup;
			children = (
				3038183B2249C385000A768B /* scope.h */,
				303818392249C37C000A768B /* Scope.c */,
				3038183C2249C3F3000A768B /* hashtable.h */,
				3038183D2249C402000A768B /* Hashtable.c */,
			);
			path = SymbolTable;
			sourceTree = "<group>";
		};
		309DCF51224B1063009C012D /* Semantics */ = {
			isa = PBXGroup;
			children = (
				30A6C56D224C776500096B6D /* semantics.h */,
				30A6C56B224C775400096B6D /* SA.c */,
				30798C6D2260DF880059614D /* binoptc.h */,
				30798C692260DF700059614D /* BinOpTC.c */,
				30798C6E2260DF950059614D /* opassigntc.h */,
				30798C6B2260DF7C0059614D /* OpAssignTC.c */,
				307A504F22617BB200C415FA /* assigntc.h */,
				307A504D22617BA800C415FA /* AssignTC.c */,
				304DE37E2265E84800034834 /* graphnode.h */,
				304DE37C2265E83B00034834 /* GraphNode.c */,
				30234760226620F800D8FD9E /* returntc.h */,
				3023475E226620EE00D8FD9E /* ReturnTC.c */,
			);
			path = Semantics;
			sourceTree = "<group>";
		};
		30AB0CD7223D3B2800DC2A35 = {
			isa = PBXGroup;
			children = (
				30AB0CE2223D3B2800DC2A35 /* Melon */,
				30AB0CE1223D3B2800DC2A35 /* Products */,
			);
			sourceTree = "<group>";
		};
		30AB0CE1223D3B2800DC2A35 /* Products */ = {
			isa = PBXGroup;
			children = (
				30AB0CE0223D3B2800DC2A35 /* Melon */,
			);
			name = Products;
			sourceTree = "<group>";
		};
		30AB0CE2223D3B2800DC2A35 /* Melon */ = {
			isa = PBXGroup;
			children = (
				303B9097224691D6008B3BEF /* Dumper */,
				30EBAC1B223FEE1E00A2D96E /* ASTNode */,
				30EBAC1A223FEE1100A2D96E /* Parser */,
				309DCF51224B1063009C012D /* Semantics */,
				309DCF50224B1024009C012D /* SymbolTable */,
				30AB0CEA223D3B3F00DC2A35 /* Lexer */,
				30AB0CE3223D3B2800DC2A35 /* main.c */,
			);
			path = Melon;
			sourceTree = "<group>";
		};
		30AB0CEA223D3B3F00DC2A35 /* Lexer */ = {
			isa = PBXGroup;
			children = (
				30AB0CEE223D3FF300DC2A35 /* tokenkind.h */,
				30CD2E72223E876C0088BD7F /* token.h */,
				30AB0CED223D3B6000DC2A35 /* lexer.h */,
				30AB0CEB223D3B5500DC2A35 /* Lexer.c */,
			);
			path = Lexer;
			sourceTree = "<group>";
		};
		30EBAC1A223FEE1100A2D96E /* Parser */ = {
			isa = PBXGroup;
			children = (
				30EBAC1F223FEE6700A2D96E /* parser.h */,
				30EBAC1D223FEE5E00A2D96E /* Parser.c */,
			);
			path = Parser;
			sourceTree = "<group>";
		};
		30EBAC1B223FEE1E00A2D96E /* ASTNode */ = {
			isa = PBXGroup;
			children = (
				30BBA9892243DF9500508A4D /* constructor.h */,
				30EBAC1C223FEE4800A2D96E /* node.h */,
				30BBA9872243DF8A00508A4D /* Constructor.c */,
			);
			path = ASTNode;
			sourceTree = "<group>";
		};
/* End PBXGroup section */

/* Begin PBXNativeTarget section */
		30AB0CDF223D3B2800DC2A35 /* Melon */ = {
			isa = PBXNativeTarget;
			buildConfigurationList = 30AB0CE7223D3B2800DC2A35 /* Build configuration list for PBXNativeTarget "Melon" */;
			buildPhases = (
				30AB0CDC223D3B2800DC2A35 /* Sources */,
				30AB0CDD223D3B2800DC2A35 /* Frameworks */,
				30AB0CDE223D3B2800DC2A35 /* CopyFiles */,
			);
			buildRules = (
			);
			dependencies = (
			);
			name = Melon;
			productName = Melon;
			productReference = 30AB0CE0223D3B2800DC2A35 /* Melon */;
			productType = "com.apple.product-type.tool";
		};
/* End PBXNativeTarget section */

/* Begin PBXProject section */
		30AB0CD8223D3B2800DC2A35 /* Project object */ = {
			isa = PBXProject;
			attributes = {
				LastUpgradeCheck = 1010;
				ORGANIZATIONNAME = "UCAS Developers";
				TargetAttributes = {
					30AB0CDF223D3B2800DC2A35 = {
						CreatedOnToolsVersion = 10.1;
					};
				};
			};
			buildConfigurationList = 30AB0CDB223D3B2800DC2A35 /* Build configuration list for PBXProject "Melon" */;
			compatibilityVersion = "Xcode 9.3";
			developmentRegion = en;
			hasScannedForEncodings = 0;
			knownRegions = (
				en,
				Base,
			);
			mainGroup = 30AB0CD7223D3B2800DC2A35;
			productRefGroup = 30AB0CE1223D3B2800DC2A35 /* Products */;
			projectDirPath = "";
			projectRoot = "";
			targets = (
				30AB0CDF223D3B2800DC2A35 /* Melon */,
			);
		};
/* End PBXProject section */

/* Begin PBXSourcesBuildPhase section */
		30AB0CDC223D3B2800DC2A35 /* Sources */ = {
			isa = PBXSourcesBuildPhase;
			buildActionMask = 2147483647;
			files = (
				3038183A2249C37C000A768B /* Scope.c in Sources */,
				30A6C56C224C775400096B6D /* SA.c in Sources */,
				303B9099224691E8008B3BEF /* DumpAST.c in Sources */,
				30BBA9882243DF8A00508A4D /* Constructor.c in Sources */,
				3023475F226620EE00D8FD9E /* ReturnTC.c in Sources */,
				3013F7062264E5F900DA1836 /* DumpScope.c in Sources */,
				307A504E22617BA800C415FA /* AssignTC.c in Sources */,
				30AB0CEC223D3B5500DC2A35 /* Lexer.c in Sources */,
				30AB0CE4223D3B2800DC2A35 /* main.c in Sources */,
				30EBAC1E223FEE5E00A2D96E /* Parser.c in Sources */,
				30798C6A2260DF700059614D /* BinOpTC.c in Sources */,
				30798C6C2260DF7D0059614D /* OpAssignTC.c in Sources */,
				3038183E2249C402000A768B /* Hashtable.c in Sources */,
				304DE37D2265E83B00034834 /* GraphNode.c in Sources */,
			);
			runOnlyForDeploymentPostprocessing = 0;
		};
/* End PBXSourcesBuildPhase section */

/* Begin XCBuildConfiguration section */
		30AB0CE5223D3B2800DC2A35 /* Debug */ = {
			isa = XCBuildConfiguration;
			buildSettings = {
				ALWAYS_SEARCH_USER_PATHS = NO;
				CLANG_ANALYZER_NONNULL = YES;
				CLANG_ANALYZER_NUMBER_OBJECT_CONVERSION = YES_AGGRESSIVE;
				CLANG_CXX_LANGUAGE_STANDARD = "gnu++14";
				CLANG_CXX_LIBRARY = "libc++";
				CLANG_ENABLE_MODULES = YES;
				CLANG_ENABLE_OBJC_ARC = YES;
				CLANG_ENABLE_OBJC_WEAK = YES;
				CLANG_WARN_BLOCK_CAPTURE_AUTORELEASING = YES;
				CLANG_WARN_BOOL_CONVERSION = YES;
				CLANG_WARN_COMMA = YES;
				CLANG_WARN_CONSTANT_CONVERSION = YES;
				CLANG_WARN_DEPRECATED_OBJC_IMPLEMENTATIONS = YES;
				CLANG_WARN_DIRECT_OBJC_ISA_USAGE = YES_ERROR;
				CLANG_WARN_DOCUMENTATION_COMMENTS = YES;
				CLANG_WARN_EMPTY_BODY = YES;
				CLANG_WARN_ENUM_CONVERSION = YES;
				CLANG_WARN_INFINITE_RECURSION = YES;
				CLANG_WARN_INT_CONVERSION = YES;
				CLANG_WARN_NON_LITERAL_NULL_CONVERSION = YES;
				CLANG_WARN_OBJC_IMPLICIT_RETAIN_SELF = YES;
				CLANG_WARN_OBJC_LITERAL_CONVERSION = YES;
				CLANG_WARN_OBJC_ROOT_CLASS = YES_ERROR;
				CLANG_WARN_RANGE_LOOP_ANALYSIS = YES;
				CLANG_WARN_STRICT_PROTOTYPES = YES;
				CLANG_WARN_SUSPICIOUS_MOVE = YES;
				CLANG_WARN_UNGUARDED_AVAILABILITY = YES_AGGRESSIVE;
				CLANG_WARN_UNREACHABLE_CODE = YES;
				CLANG_WARN__DUPLICATE_METHOD_MATCH = YES;
				CODE_SIGN_IDENTITY = "Mac Developer";
				COPY_PHASE_STRIP = NO;
				DEBUG_INFORMATION_FORMAT = dwarf;
				ENABLE_STRICT_OBJC_MSGSEND = YES;
				ENABLE_TESTABILITY = YES;
				GCC_C_LANGUAGE_STANDARD = gnu11;
				GCC_DYNAMIC_NO_PIC = NO;
				GCC_NO_COMMON_BLOCKS = YES;
				GCC_OPTIMIZATION_LEVEL = 0;
				GCC_PREPROCESSOR_DEFINITIONS = (
					"DEBUG=1",
					"$(inherited)",
				);
				GCC_WARN_64_TO_32_BIT_CONVERSION = YES;
				GCC_WARN_ABOUT_RETURN_TYPE = YES_ERROR;
				GCC_WARN_UNDECLARED_SELECTOR = YES;
				GCC_WARN_UNINITIALIZED_AUTOS = YES_AGGRESSIVE;
				GCC_WARN_UNUSED_FUNCTION = YES;
				GCC_WARN_UNUSED_VARIABLE = YES;
				MACOSX_DEPLOYMENT_TARGET = 10.14;
				MTL_ENABLE_DEBUG_INFO = INCLUDE_SOURCE;
				MTL_FAST_MATH = YES;
				ONLY_ACTIVE_ARCH = YES;
				SDKROOT = macosx;
			};
			name = Debug;
		};
		30AB0CE6223D3B2800DC2A35 /* Release */ = {
			isa = XCBuildConfiguration;
			buildSettings = {
				ALWAYS_SEARCH_USER_PATHS = NO;
				CLANG_ANALYZER_NONNULL = YES;
				CLANG_ANALYZER_NUMBER_OBJECT_CONVERSION = YES_AGGRESSIVE;
				CLANG_CXX_LANGUAGE_STANDARD = "gnu++14";
				CLANG_CXX_LIBRARY = "libc++";
				CLANG_ENABLE_MODULES = YES;
				CLANG_ENABLE_OBJC_ARC = YES;
				CLANG_ENABLE_OBJC_WEAK = YES;
				CLANG_WARN_BLOCK_CAPTURE_AUTORELEASING = YES;
				CLANG_WARN_BOOL_CONVERSION = YES;
				CLANG_WARN_COMMA = YES;
				CLANG_WARN_CONSTANT_CONVERSION = YES;
				CLANG_WARN_DEPRECATED_OBJC_IMPLEMENTATIONS = YES;
				CLANG_WARN_DIRECT_OBJC_ISA_USAGE = YES_ERROR;
				CLANG_WARN_DOCUMENTATION_COMMENTS = YES;
				CLANG_WARN_EMPTY_BODY = YES;
				CLANG_WARN_ENUM_CONVERSION = YES;
				CLANG_WARN_INFINITE_RECURSION = YES;
				CLANG_WARN_INT_CONVERSION = YES;
				CLANG_WARN_NON_LITERAL_NULL_CONVERSION = YES;
				CLANG_WARN_OBJC_IMPLICIT_RETAIN_SELF = YES;
				CLANG_WARN_OBJC_LITERAL_CONVERSION = YES;
				CLANG_WARN_OBJC_ROOT_CLASS = YES_ERROR;
				CLANG_WARN_RANGE_LOOP_ANALYSIS = YES;
				CLANG_WARN_STRICT_PROTOTYPES = YES;
				CLANG_WARN_SUSPICIOUS_MOVE = YES;
				CLANG_WARN_UNGUARDED_AVAILABILITY = YES_AGGRESSIVE;
				CLANG_WARN_UNREACHABLE_CODE = YES;
				CLANG_WARN__DUPLICATE_METHOD_MATCH = YES;
				CODE_SIGN_IDENTITY = "Mac Developer";
				COPY_PHASE_STRIP = NO;
				DEBUG_INFORMATION_FORMAT = "dwarf-with-dsym";
				ENABLE_NS_ASSERTIONS = NO;
				ENABLE_STRICT_OBJC_MSGSEND = YES;
				GCC_C_LANGUAGE_STANDARD = gnu11;
				GCC_NO_COMMON_BLOCKS = YES;
				GCC_WARN_64_TO_32_BIT_CONVERSION = YES;
				GCC_WARN_ABOUT_RETURN_TYPE = YES_ERROR;
				GCC_WARN_UNDECLARED_SELECTOR = YES;
				GCC_WARN_UNINITIALIZED_AUTOS = YES_AGGRESSIVE;
				GCC_WARN_UNUSED_FUNCTION = YES;
				GCC_WARN_UNUSED_VARIABLE = YES;
				MACOSX_DEPLOYMENT_TARGET = 10.14;
				MTL_ENABLE_DEBUG_INFO = NO;
				MTL_FAST_MATH = YES;
				SDKROOT = macosx;
			};
			name = Release;
		};
		30AB0CE8223D3B2800DC2A35 /* Debug */ = {
			isa = XCBuildConfiguration;
			buildSettings = {
				CODE_SIGN_STYLE = Automatic;
				DEVELOPMENT_TEAM = RCDKQLH452;
				GCC_VERSION = "";
				PRODUCT_NAME = "$(TARGET_NAME)";
			};
			name = Debug;
		};
		30AB0CE9223D3B2800DC2A35 /* Release */ = {
			isa = XCBuildConfiguration;
			buildSettings = {
				CODE_SIGN_STYLE = Automatic;
				DEVELOPMENT_TEAM = RCDKQLH452;
				GCC_VERSION = "";
				PRODUCT_NAME = "$(TARGET_NAME)";
			};
			name = Release;
		};
/* End XCBuildConfiguration section */

/* Begin XCConfigurationList section */
		30AB0CDB223D3B2800DC2A35 /* Build configuration list for PBXProject "Melon" */ = {
			isa = XCConfigurationList;
			buildConfigurations = (
				30AB0CE5223D3B2800DC2A35 /* Debug */,
				30AB0CE6223D3B2800DC2A35 /* Release */,
			);
			defaultConfigurationIsVisible = 0;
			defaultConfigurationName = Release;
		};
		30AB0CE7223D3B2800DC2A35 /* Build configuration list for PBXNativeTarget "Melon" */ = {
			isa = XCConfigurationList;
			buildConfigurations = (
				30AB0CE8223D3B2800DC2A35 /* Debug */,
				30AB0CE9223D3B2800DC2A35 /* Release */,
			);
			defaultConfigurationIsVisible = 0;
			defaultConfigurationName = Release;
		};
/* End XCConfigurationList section */
	};
	rootObject = 30AB0CD8223D3B2800DC2A35 /* Project object */;
}
