// !$*UTF8*$!
{
	archiveVersion = 1;
	classes = {
	};
	objectVersion = 50;
	objects = {

/* Begin PBXBuildFile section */
		30AB0CE4223D3B2800DC2A35 /* main.c in Sources */ = {isa = PBXBuildFile; fileRef = 30AB0CE3223D3B2800DC2A35 /* main.c */; };
		30AB0CEC223D3B5500DC2A35 /* Lexer.c in Sources */ = {isa = PBXBuildFile; fileRef = 30AB0CEB223D3B5500DC2A35 /* Lexer.c */; };
/* End PBXBuildFile section */

/* Begin PBXCopyFilesBuildPhase section */
		30AB0CDE223D3B2800DC2A35 /* CopyFiles */ = {
			isa = PBXCopyFilesBuildPhase;
			buildActionMask = 2147483647;
			dstPath = /usr/share/man/man1/;
			dstSubfolderSpec = 0;
			files = (
			);
			runOnlyForDeploymentPostprocessing = 1;
		};
/* End PBXCopyFilesBuildPhase section */

/* Begin PBXFileReference section */
		30AB0CE0223D3B2800DC2A35 /* Melon */ = {isa = PBXFileReference; explicitFileType = "compiled.mach-o.executable"; includeInIndex = 0; path = Melon; sourceTree = BUILT_PRODUCTS_DIR; };
		30AB0CE3223D3B2800DC2A35 /* main.c */ = {isa = PBXFileReference; lastKnownFileType = sourcecode.c.c; path = main.c; sourceTree = "<group>"; };
		30AB0CEB223D3B5500DC2A35 /* Lexer.c */ = {isa = PBXFileReference; lastKnownFileType = sourcecode.c.c; path = Lexer.c; sourceTree = "<group>"; };
		30AB0CED223D3B6000DC2A35 /* lexer.h */ = {isa = PBXFileReference; lastKnownFileType = sourcecode.c.h; path = lexer.h; sourceTree = "<group>"; };
		30AB0CEE223D3FF300DC2A35 /* tokenkind.h */ = {isa = PBXFileReference; lastKnownFileType = sourcecode.c.h; path = tokenkind.h; sourceTree = "<group>"; };
		30AB0CEF223D466400DC2A35 /* lexstate.h */ = {isa = PBXFileReference; lastKnownFileType = sourcecode.c.h; path = lexstate.h; sourceTree = "<group>"; };
/* End PBXFileReference section */

/* Begin PBXFrameworksBuildPhase section */
		30AB0CDD223D3B2800DC2A35 /* Frameworks */ = {
			isa = PBXFrameworksBuildPhase;
			buildActionMask = 2147483647;
			files = (
			);
			runOnlyForDeploymentPostprocessing = 0;
		};
/* End PBXFrameworksBuildPhase section */

/* Begin PBXGroup section */
		30AB0CD7223D3B2800DC2A35 = {
			isa = PBXGroup;
			children = (
				30AB0CE2223D3B2800DC2A35 /* Melon */,
				30AB0CE1223D3B2800DC2A35 /* Products */,
			);
			sourceTree = "<group>";
		};
		30AB0CE1223D3B2800DC2A35 /* Products */ = {
			isa = PBXGroup;
			children = (
				30AB0CE0223D3B2800DC2A35 /* Melon */,
			);
			name = Products;
			sourceTree = "<group>";
		};
		30AB0CE2223D3B2800DC2A35 /* Melon */ = {
			isa = PBXGroup;
			children = (
				30AB0CEA223D3B3F00DC2A35 /* Lexer */,
				30AB0CE3223D3B2800DC2A35 /* main.c */,
			);
			path = Melon;
			sourceTree = "<group>";
		};
		30AB0CEA223D3B3F00DC2A35 /* Lexer */ = {
			isa = PBXGroup;
			children = (
				30AB0CEE223D3FF300DC2A35 /* tokenkind.h */,
				30AB0CEF223D466400DC2A35 /* lexstate.h */,
				30AB0CED223D3B6000DC2A35 /* lexer.h */,
				30AB0CEB223D3B5500DC2A35 /* Lexer.c */,
			);
			path = Lexer;
			sourceTree = "<group>";
		};
/* End PBXGroup section */

/* Begin PBXNativeTarget section */
		30AB0CDF223D3B2800DC2A35 /* Melon */ = {
			isa = PBXNativeTarget;
			buildConfigurationList = 30AB0CE7223D3B2800DC2A35 /* Build configuration list for PBXNativeTarget "Melon" */;
			buildPhases = (
				30AB0CDC223D3B2800DC2A35 /* Sources */,
				30AB0CDD223D3B2800DC2A35 /* Frameworks */,
				30AB0CDE223D3B2800DC2A35 /* CopyFiles */,
			);
			buildRules = (
			);
			dependencies = (
			);
			name = Melon;
			productName = Melon;
			productReference = 30AB0CE0223D3B2800DC2A35 /* Melon */;
			productType = "com.apple.product-type.tool";
		};
/* End PBXNativeTarget section */

/* Begin PBXProject section */
		30AB0CD8223D3B2800DC2A35 /* Project object */ = {
			isa = PBXProject;
			attributes = {
				LastUpgradeCheck = 1010;
				ORGANIZATIONNAME = "UCAS Developers";
				TargetAttributes = {
					30AB0CDF223D3B2800DC2A35 = {
						CreatedOnToolsVersion = 10.1;
					};
				};
			};
			buildConfigurationList = 30AB0CDB223D3B2800DC2A35 /* Build configuration list for PBXProject "Melon" */;
			compatibilityVersion = "Xcode 9.3";
			developmentRegion = en;
			hasScannedForEncodings = 0;
			knownRegions = (
				en,
			);
			mainGroup = 30AB0CD7223D3B2800DC2A35;
			productRefGroup = 30AB0CE1223D3B2800DC2A35 /* Products */;
			projectDirPath = "";
			projectRoot = "";
			targets = (
				30AB0CDF223D3B2800DC2A35 /* Melon */,
			);
		};
/* End PBXProject section */

/* Begin PBXSourcesBuildPhase section */
		30AB0CDC223D3B2800DC2A35 /* Sources */ = {
			isa = PBXSourcesBuildPhase;
			buildActionMask = 2147483647;
			files = (
				30AB0CEC223D3B5500DC2A35 /* Lexer.c in Sources */,
				30AB0CE4223D3B2800DC2A35 /* main.c in Sources */,
			);
			runOnlyForDeploymentPostprocessing = 0;
		};
/* End PBXSourcesBuildPhase section */

/* Begin XCBuildConfiguration section */
		30AB0CE5223D3B2800DC2A35 /* Debug */ = {
			isa = XCBuildConfiguration;
			buildSettings = {
				ALWAYS_SEARCH_USER_PATHS = NO;
				CLANG_ANALYZER_NONNULL = YES;
				CLANG_ANALYZER_NUMBER_OBJECT_CONVERSION = YES_AGGRESSIVE;
				CLANG_CXX_LANGUAGE_STANDARD = "gnu++14";
				CLANG_CXX_LIBRARY = "libc++";
				CLANG_ENABLE_MODULES = YES;
				CLANG_ENABLE_OBJC_ARC = YES;
				CLANG_ENABLE_OBJC_WEAK = YES;
				CLANG_WARN_BLOCK_CAPTURE_AUTORELEASING = YES;
				CLANG_WARN_BOOL_CONVERSION = YES;
				CLANG_WARN_COMMA = YES;
				CLANG_WARN_CONSTANT_CONVERSION = YES;
				CLANG_WARN_DEPRECATED_OBJC_IMPLEMENTATIONS = YES;
				CLANG_WARN_DIRECT_OBJC_ISA_USAGE = YES_ERROR;
				CLANG_WARN_DOCUMENTATION_COMMENTS = YES;
				CLANG_WARN_EMPTY_BODY = YES;
				CLANG_WARN_ENUM_CONVERSION = YES;
				CLANG_WARN_INFINITE_RECURSION = YES;
				CLANG_WARN_INT_CONVERSION = YES;
				CLANG_WARN_NON_LITERAL_NULL_CONVERSION = YES;
				CLANG_WARN_OBJC_IMPLICIT_RETAIN_SELF = YES;
				CLANG_WARN_OBJC_LITERAL_CONVERSION = YES;
				CLANG_WARN_OBJC_ROOT_CLASS = YES_ERROR;
				CLANG_WARN_RANGE_LOOP_ANALYSIS = YES;
				CLANG_WARN_STRICT_PROTOTYPES = YES;
				CLANG_WARN_SUSPICIOUS_MOVE = YES;
				CLANG_WARN_UNGUARDED_AVAILABILITY = YES_AGGRESSIVE;
				CLANG_WARN_UNREACHABLE_CODE = YES;
				CLANG_WARN__DUPLICATE_METHOD_MATCH = YES;
				CODE_SIGN_IDENTITY = "Mac Developer";
				COPY_PHASE_STRIP = NO;
				DEBUG_INFORMATION_FORMAT = dwarf;
				ENABLE_STRICT_OBJC_MSGSEND = YES;
				ENABLE_TESTABILITY = YES;
				GCC_C_LANGUAGE_STANDARD = gnu11;
				GCC_DYNAMIC_NO_PIC = NO;
				GCC_NO_COMMON_BLOCKS = YES;
				GCC_OPTIMIZATION_LEVEL = 0;
				GCC_PREPROCESSOR_DEFINITIONS = (
					"DEBUG=1",
					"$(inherited)",
				);
				GCC_WARN_64_TO_32_BIT_CONVERSION = YES;
				GCC_WARN_ABOUT_RETURN_TYPE = YES_ERROR;
				GCC_WARN_UNDECLARED_SELECTOR = YES;
				GCC_WARN_UNINITIALIZED_AUTOS = YES_AGGRESSIVE;
				GCC_WARN_UNUSED_FUNCTION = YES;
				GCC_WARN_UNUSED_VARIABLE = YES;
				MACOSX_DEPLOYMENT_TARGET = 10.14;
				MTL_ENABLE_DEBUG_INFO = INCLUDE_SOURCE;
				MTL_FAST_MATH = YES;
				ONLY_ACTIVE_ARCH = YES;
				SDKROOT = macosx;
			};
			name = Debug;
		};
		30AB0CE6223D3B2800DC2A35 /* Release */ = {
			isa = XCBuildConfiguration;
			buildSettings = {
				ALWAYS_SEARCH_USER_PATHS = NO;
				CLANG_ANALYZER_NONNULL = YES;
				CLANG_ANALYZER_NUMBER_OBJECT_CONVERSION = YES_AGGRESSIVE;
				CLANG_CXX_LANGUAGE_STANDARD = "gnu++14";
				CLANG_CXX_LIBRARY = "libc++";
				CLANG_ENABLE_MODULES = YES;
				CLANG_ENABLE_OBJC_ARC = YES;
				CLANG_ENABLE_OBJC_WEAK = YES;
				CLANG_WARN_BLOCK_CAPTURE_AUTORELEASING = YES;
				CLANG_WARN_BOOL_CONVERSION = YES;
				CLANG_WARN_COMMA = YES;
				CLANG_WARN_CONSTANT_CONVERSION = YES;
				CLANG_WARN_DEPRECATED_OBJC_IMPLEMENTATIONS = YES;
				CLANG_WARN_DIRECT_OBJC_ISA_USAGE = YES_ERROR;
				CLANG_WARN_DOCUMENTATION_COMMENTS = YES;
				CLANG_WARN_EMPTY_BODY = YES;
				CLANG_WARN_ENUM_CONVERSION = YES;
				CLANG_WARN_INFINITE_RECURSION = YES;
				CLANG_WARN_INT_CONVERSION = YES;
				CLANG_WARN_NON_LITERAL_NULL_CONVERSION = YES;
				CLANG_WARN_OBJC_IMPLICIT_RETAIN_SELF = YES;
				CLANG_WARN_OBJC_LITERAL_CONVERSION = YES;
				CLANG_WARN_OBJC_ROOT_CLASS = YES_ERROR;
				CLANG_WARN_RANGE_LOOP_ANALYSIS = YES;
				CLANG_WARN_STRICT_PROTOTYPES = YES;
				CLANG_WARN_SUSPICIOUS_MOVE = YES;
				CLANG_WARN_UNGUARDED_AVAILABILITY = YES_AGGRESSIVE;
				CLANG_WARN_UNREACHABLE_CODE = YES;
				CLANG_WARN__DUPLICATE_METHOD_MATCH = YES;
				CODE_SIGN_IDENTITY = "Mac Developer";
				COPY_PHASE_STRIP = NO;
				DEBUG_INFORMATION_FORMAT = "dwarf-with-dsym";
				ENABLE_NS_ASSERTIONS = NO;
				ENABLE_STRICT_OBJC_MSGSEND = YES;
				GCC_C_LANGUAGE_STANDARD = gnu11;
				GCC_NO_COMMON_BLOCKS = YES;
				GCC_WARN_64_TO_32_BIT_CONVERSION = YES;
				GCC_WARN_ABOUT_RETURN_TYPE = YES_ERROR;
				GCC_WARN_UNDECLARED_SELECTOR = YES;
				GCC_WARN_UNINITIALIZED_AUTOS = YES_AGGRESSIVE;
				GCC_WARN_UNUSED_FUNCTION = YES;
				GCC_WARN_UNUSED_VARIABLE = YES;
				MACOSX_DEPLOYMENT_TARGET = 10.14;
				MTL_ENABLE_DEBUG_INFO = NO;
				MTL_FAST_MATH = YES;
				SDKROOT = macosx;
			};
			name = Release;
		};
		30AB0CE8223D3B2800DC2A35 /* Debug */ = {
			isa = XCBuildConfiguration;
			buildSettings = {
				CODE_SIGN_STYLE = Automatic;
				DEVELOPMENT_TEAM = RCDKQLH452;
				PRODUCT_NAME = "$(TARGET_NAME)";
			};
			name = Debug;
		};
		30AB0CE9223D3B2800DC2A35 /* Release */ = {
			isa = XCBuildConfiguration;
			buildSettings = {
				CODE_SIGN_STYLE = Automatic;
				DEVELOPMENT_TEAM = RCDKQLH452;
				PRODUCT_NAME = "$(TARGET_NAME)";
			};
			name = Release;
		};
/* End XCBuildConfiguration section */

/* Begin XCConfigurationList section */
		30AB0CDB223D3B2800DC2A35 /* Build configuration list for PBXProject "Melon" */ = {
			isa = XCConfigurationList;
			buildConfigurations = (
				30AB0CE5223D3B2800DC2A35 /* Debug */,
				30AB0CE6223D3B2800DC2A35 /* Release */,
			);
			defaultConfigurationIsVisible = 0;
			defaultConfigurationName = Release;
		};
		30AB0CE7223D3B2800DC2A35 /* Build configuration list for PBXNativeTarget "Melon" */ = {
			isa = XCConfigurationList;
			buildConfigurations = (
				30AB0CE8223D3B2800DC2A35 /* Debug */,
				30AB0CE9223D3B2800DC2A35 /* Release */,
			);
			defaultConfigurationIsVisible = 0;
			defaultConfigurationName = Release;
		};
/* End XCConfigurationList section */
	};
	rootObject = 30AB0CD8223D3B2800DC2A35 /* Project object */;
}
